<?xml version="1.0" encoding="utf-8"?>
<Project ToolsVersion="4.0" xmlns="http://schemas.microsoft.com/developer/msbuild/2003">
  <ItemGroup>
    <Filter Include="Headers">
      <UniqueIdentifier>{93995380-89BD-4b04-88EB-625FBE52EBFB}</UniqueIdentifier>
      <Extensions>h;hh;hpp;hxx;hm;inl;inc;xsd</Extensions>
    </Filter>
    <Filter Include="Source Files">
      <UniqueIdentifier>{4FC737F1-C7A5-4376-A066-2A32D752A2FF}</UniqueIdentifier>
      <Extensions>cpp;c;cc;cxx;def;odl;idl;hpj;bat;asm;asmx</Extensions>
    </Filter>
    <Filter Include="Resources">
      <UniqueIdentifier>{67DA6AB6-F800-4c08-8B7A-83BB121AAD01}</UniqueIdentifier>
      <Extensions>rc;ico;cur;bmp;dlg;rc2;rct;bin;rgs;gif;jpg;jpeg;jpe;resx;tiff;tif;png;wav;mfcribbon-ms</Extensions>
    </Filter>
  </ItemGroup>
  <ItemGroup>
    <ClInclude Include="stdafx.h">
      <Filter>Headers</Filter>
    </ClInclude>
    <ClInclude Include="customtimer.h">
      <Filter>Headers</Filter>
    </ClInclude>
    <ClInclude Include="ExperimentController.h">
      <Filter>Headers</Filter>
    </ClInclude>
    <ClInclude Include="FileHandler.h">
      <Filter>Headers</Filter>
    </ClInclude>
    <ClInclude Include="ForceSensorHandler.h">
      <Filter>Headers</Filter>
    </ClInclude>
    <ClInclude Include="GraphicsHandler.h">
      <Filter>Headers</Filter>
    </ClInclude>
    <ClInclude Include="HapticHandler.h">
      <Filter>Headers</Filter>
    </ClInclude>
    <ClInclude Include="Perturbation.h">
      <Filter>Headers</Filter>
    </ClInclude>
    <ClInclude Include="common_variables.h">
      <Filter>Headers</Filter>
    </ClInclude>
    <ClInclude Include="ExperimentUI.h">
      <Filter>Headers</Filter>
    </ClInclude>
    <ClInclude Include="Trial.h">
      <Filter>Headers</Filter>
    </ClInclude>
    <ClInclude Include="Event.h">
      <Filter>Headers</Filter>
    </ClInclude>
    <ClInclude Include="PerturbationEvent.h">
      <Filter>Headers</Filter>
    </ClInclude>
    <ClInclude Include="ExperimentParser.h">
      <Filter>Headers</Filter>
    </ClInclude>
    <ClInclude Include="ExperimentParserXML.h">
      <Filter>Headers</Filter>
    </ClInclude>
    <ClInclude Include="ExperimentInfo.h">
      <Filter>Headers</Filter>
    </ClInclude>
    <ClInclude Include="event_headers.h">
      <Filter>Headers</Filter>
    </ClInclude>
    <ClInclude Include="pugixml\pugixml.hpp">
      <Filter>Headers</Filter>
    </ClInclude>
    <ClInclude Include="pugixml\pugiconfig.hpp">
      <Filter>Headers</Filter>
    </ClInclude>
    <ClInclude Include="SensorContainer.h">
      <Filter>Headers</Filter>
    </ClInclude>
    <ClInclude Include="FileStream.h">
      <Filter>Headers</Filter>
    </ClInclude>
    <ClInclude Include="SettingsUI.h">
      <Filter>Headers</Filter>
    </ClInclude>
    <ClInclude Include="parser_headers.h">
      <Filter>Headers</Filter>
    </ClInclude>
    <ClInclude Include="forms_headers.h">
      <Filter>Headers</Filter>
    </ClInclude>
  </ItemGroup>
  <ItemGroup>
    <ResourceCompile Include="app.rc">
      <Filter>Resources</Filter>
    </ResourceCompile>
  </ItemGroup>
  <ItemGroup>
    <ClCompile Include="stdafx.cpp">
      <Filter>Source Files</Filter>
    </ClCompile>
    <ClCompile Include="main.cpp">
      <Filter>Source Files</Filter>
    </ClCompile>
    <ClCompile Include="ForceSensorHandler.cpp">
      <Filter>Source Files</Filter>
    </ClCompile>
    <ClCompile Include="GraphicsHandler.cpp">
      <Filter>Source Files</Filter>
    </ClCompile>
    <ClCompile Include="HapticHandler.cpp">
      <Filter>Source Files</Filter>
    </ClCompile>
    <ClCompile Include="KeyboardCallbackFunctions.cpp">
      <Filter>Source Files</Filter>
    </ClCompile>
    <ClCompile Include="Perturbation.cpp">
      <Filter>Source Files</Filter>
    </ClCompile>
    <ClCompile Include="ExperimentController.cpp">
      <Filter>Source Files</Filter>
    </ClCompile>
    <ClCompile Include="FileHandler.cpp">
      <Filter>Source Files</Filter>
    </ClCompile>
    <ClCompile Include="ExperimentMain.cpp">
      <Filter>Source Files</Filter>
    </ClCompile>
    <ClCompile Include="PerturbationEvent.cpp">
      <Filter>Source Files</Filter>
    </ClCompile>
    <ClCompile Include="ExperimentParserXML.cpp">
      <Filter>Source Files</Filter>
    </ClCompile>
    <ClCompile Include="pugixml\pugixml.cpp">
      <Filter>Source Files</Filter>
    </ClCompile>
    <ClCompile Include="CustomTimer.cpp">
      <Filter>Source Files</Filter>
    </ClCompile>
  </ItemGroup>
  <ItemGroup>
    <Image Include="app.ico">
      <Filter>Resources</Filter>
    </Image>
  </ItemGroup>
  <ItemGroup>
    <EmbeddedResource Include="ExperimentUI.resx">
      <Filter>Resources</Filter>
    </EmbeddedResource>
    <EmbeddedResource Include="SettingsUI.resx">
      <Filter>Resources</Filter>
    </EmbeddedResource>
  </ItemGroup>
</Project>